
Microsoft Visual Studio Solution File, Format Version 12.00
# Visual Studio Version 17
VisualStudioVersion = 17.4.33205.214
MinimumVisualStudioVersion = 10.0.40219.1
Project("{FAE04EC0-301F-11D3-BF4B-00C04F79EFBC}") = "TemperatureSensor", "TemperatureSensor\TemperatureSensor.csproj", "{3B1FCA0D-BFCB-482D-88AD-7D401A686B88}"
EndProject
Project("{FAE04EC0-301F-11D3-BF4B-00C04F79EFBC}") = "AzureFunctions", "AzureFunctions\AzureFunctions.csproj", "{30C65EB7-5687-4FE1-B734-DAABD8CE3B4B}"
EndProject
Global
	GlobalSection(SolutionConfigurationPlatforms) = preSolution
		Debug|Any CPU = Debug|Any CPU
		Release|Any CPU = Release|Any CPU
	EndGlobalSection
	GlobalSection(ProjectConfigurationPlatforms) = postSolution
		{3B1FCA0D-BFCB-482D-88AD-7D401A686B88}.Debug|Any CPU.ActiveCfg = Debug|Any CPU
		{3B1FCA0D-BFCB-482D-88AD-7D401A686B88}.Debug|Any CPU.Build.0 = Debug|Any CPU
		{3B1FCA0D-BFCB-482D-88AD-7D401A686B88}.Release|Any CPU.ActiveCfg = Release|Any CPU
		{3B1FCA0D-BFCB-482D-88AD-7D401A686B88}.Release|Any CPU.Build.0 = Release|Any CPU
		{30C65EB7-5687-4FE1-B734-DAABD8CE3B4B}.Debug|Any CPU.ActiveCfg = Debug|Any CPU
		{30C65EB7-5687-4FE1-B734-DAABD8CE3B4B}.Debug|Any CPU.Build.0 = Debug|Any CPU
		{30C65EB7-5687-4FE1-B734-DAABD8CE3B4B}.Release|Any CPU.ActiveCfg = Release|Any CPU
		{30C65EB7-5687-4FE1-B734-DAABD8CE3B4B}.Release|Any CPU.Build.0 = Release|Any CPU
	EndGlobalSection
	GlobalSection(SolutionProperties) = preSolution
		HideSolutionNode = FALSE
	EndGlobalSection
	GlobalSection(ExtensibilityGlobals) = postSolution
		SolutionGuid = {3072D91C-5FC2-4033-9F11-DD976C9468E5}
	EndGlobalSection
EndGlobal
